# This file is automatically @generated by Cargo.
# It is not intended for manual editing.
version = 3

[[package]]
name = "coldplay"
version = "0.1.0"
dependencies = [
 "rppal",
]

[[package]]
name = "libc"
version = "0.2.137"
source = "registry+https://github.com/rust-lang/crates.io-index"
checksum = "fc7fcc620a3bff7cdd7a365be3376c97191aeaccc2a603e600951e452615bf89"

[[package]]
name = "rppal"
version = "0.14.1"
source = "registry+https://github.com/rust-lang/crates.io-index"
checksum = "612e1a22e21f08a246657c6433fe52b773ae43d07c9ef88ccfc433cc8683caba"
dependencies = [
 "libc",
]
